{
  "version": 4,
  "terraform_version": "1.11.2",
  "serial": 62,
  "lineage": "a923c549-ff09-1fdf-fcba-b493e8e7d7de",
  "outputs": {},
  "resources": [
    {
      "module": "module.compute_engine",
      "mode": "managed",
      "type": "google_compute_address",
      "name": "ip-address",
      "provider": "provider[\"registry.terraform.io/hashicorp/google\"]",
      "instances": [
        {
          "schema_version": 0,
          "attributes": {
            "address": "34.76.150.125",
            "address_type": "EXTERNAL",
            "creation_timestamp": "2025-03-20T12:28:05.002-07:00",
            "description": "",
            "effective_labels": {},
            "id": "projects/hale-mercury-454219-r1/regions/europe-west1/addresses/ipv4-address",
            "ip_version": "",
            "ipv6_endpoint_type": "",
            "label_fingerprint": "42WmSpB8rSM=",
            "labels": {},
            "name": "ipv4-address",
            "network": "",
            "network_tier": "PREMIUM",
            "prefix_length": 0,
            "project": "hale-mercury-454219-r1",
            "purpose": "",
            "region": "europe-west1",
            "self_link": "https://www.googleapis.com/compute/v1/projects/hale-mercury-454219-r1/regions/europe-west1/addresses/ipv4-address",
            "subnetwork": "",
            "terraform_labels": {},
            "timeouts": null,
            "users": []
          },
          "sensitive_attributes": [],
          "private": "eyJlMmJmYjczMC1lY2FhLTExZTYtOGY4OC0zNDM2M2JjN2M0YzAiOnsiY3JlYXRlIjoxMjAwMDAwMDAwMDAwLCJkZWxldGUiOjEyMDAwMDAwMDAwMDAsInVwZGF0ZSI6MTIwMDAwMDAwMDAwMH19"
        }
      ]
    },
    {
      "module": "module.compute_engine",
      "mode": "managed",
      "type": "google_compute_instance",
      "name": "this",
      "provider": "provider[\"registry.terraform.io/hashicorp/google\"]",
      "instances": [
        {
          "schema_version": 6,
          "attributes": {
            "advanced_machine_features": [],
            "allow_stopping_for_update": null,
            "attached_disk": [],
            "boot_disk": [
              {
                "auto_delete": true,
                "device_name": "persistent-disk-0",
                "disk_encryption_key_raw": "",
                "disk_encryption_key_sha256": "",
                "initialize_params": [
                  {
                    "enable_confidential_compute": false,
                    "image": "https://www.googleapis.com/compute/v1/projects/debian-cloud/global/images/debian-12-bookworm-v20250311",
                    "labels": {},
                    "provisioned_iops": 0,
                    "provisioned_throughput": 0,
                    "resource_manager_tags": null,
                    "size": 10,
                    "type": "pd-standard"
                  }
                ],
                "kms_key_self_link": "",
                "mode": "READ_WRITE",
                "source": "https://www.googleapis.com/compute/v1/projects/hale-mercury-454219-r1/zones/europe-west1-b/disks/tecweb-instance"
              }
            ],
            "can_ip_forward": false,
            "confidential_instance_config": [],
            "cpu_platform": "Intel Broadwell",
            "current_status": "RUNNING",
            "deletion_protection": false,
            "description": "",
            "desired_status": null,
            "effective_labels": {},
            "enable_display": false,
            "guest_accelerator": [],
            "hostname": "",
            "id": "projects/hale-mercury-454219-r1/zones/europe-west1-b/instances/tecweb-instance",
            "instance_id": "482016713793196608",
            "label_fingerprint": "42WmSpB8rSM=",
            "labels": null,
            "machine_type": "e2-medium",
            "metadata": null,
            "metadata_fingerprint": "TdxkJQ4iFr0=",
            "metadata_startup_script": "#!/bin/bash\n\nsudo apt update \u0026\u0026 sudo apt install -y python3 python3-venv python3-pip nginx certbot python3-certbot-nginx\n\nmkdir -p /opt/flask-app\ncd /opt/flask-app\n\npython3 -m venv venv\nsource venv/bin/activate\npip install --upgrade pip\npip install flask gunicorn\n\ncat \u003c\u003cEOF \u003e /opt/flask-app/app.py\nfrom flask import Flask\napp = Flask(__name__)\n\n@app.route(\"/\")\ndef home():\n    return \"\u003ch1\u003eOlá Mundo! Envio isto de um servidor na Google Cloud criado através de Terraform.\u003c/h1\u003e\"\n\nif __name__ == \"__main__\":\n    app.run(host=\"0.0.0.0\", port=5000)\nEOF\n\ncat \u003c\u003cEOF \u003e /etc/systemd/system/flask.service\n[Unit]\nDescription=Flask App\nAfter=network.target\n\n[Service]\nUser=root\nWorkingDirectory=/opt/flask-app\nExecStart=/opt/flask-app/venv/bin/gunicorn --bind 0.0.0.0:5000 app:app\nRestart=always\n\n[Install]\nWantedBy=multi-user.target\nEOF\n\nsudo systemctl daemon-reload\nsudo systemctl enable flask\nsudo systemctl start flask\n\ncat \u003c\u003cEOF \u003e /etc/nginx/sites-available/flask\nserver {\n    listen 80;\n    server_name 34.76.150.125 bernardoleitao.pt;\n\n    location / {\n        proxy_pass http://127.0.0.1:5000;\n        proxy_set_header Host \\$host;\n        proxy_set_header X-Real-IP \\$remote_addr;\n        proxy_set_header X-Forwarded-For \\$proxy_add_x_forwarded_for;\n    }\n}\nEOF\n\nln -s /etc/nginx/sites-available/flask /etc/nginx/sites-enabled\nsudo systemctl restart nginx",
            "min_cpu_platform": "",
            "name": "tecweb-instance",
            "network_interface": [
              {
                "access_config": [
                  {
                    "nat_ip": "34.76.150.125",
                    "network_tier": "PREMIUM",
                    "public_ptr_domain_name": ""
                  }
                ],
                "alias_ip_range": [],
                "internal_ipv6_prefix_length": 0,
                "ipv6_access_config": [],
                "ipv6_access_type": "",
                "ipv6_address": "",
                "name": "nic0",
                "network": "https://www.googleapis.com/compute/v1/projects/hale-mercury-454219-r1/global/networks/custom-vpc",
                "network_ip": "10.0.1.2",
                "nic_type": "",
                "queue_count": 0,
                "stack_type": "IPV4_ONLY",
                "subnetwork": "https://www.googleapis.com/compute/v1/projects/hale-mercury-454219-r1/regions/europe-west1/subnetworks/subnetwork",
                "subnetwork_project": "hale-mercury-454219-r1"
              }
            ],
            "network_performance_config": [],
            "params": [],
            "project": "hale-mercury-454219-r1",
            "reservation_affinity": [],
            "resource_policies": null,
            "scheduling": [
              {
                "automatic_restart": true,
                "instance_termination_action": "",
                "local_ssd_recovery_timeout": [],
                "min_node_cpus": 0,
                "node_affinities": [],
                "on_host_maintenance": "MIGRATE",
                "preemptible": false,
                "provisioning_model": "STANDARD"
              }
            ],
            "scratch_disk": [],
            "self_link": "https://www.googleapis.com/compute/v1/projects/hale-mercury-454219-r1/zones/europe-west1-b/instances/tecweb-instance",
            "service_account": [],
            "shielded_instance_config": [
              {
                "enable_integrity_monitoring": true,
                "enable_secure_boot": false,
                "enable_vtpm": true
              }
            ],
            "tags": [
              "https-server"
            ],
            "tags_fingerprint": "nNZ0SA7CJyk=",
            "terraform_labels": {},
            "timeouts": null,
            "zone": "europe-west1-b"
          },
          "sensitive_attributes": [
            [
              {
                "type": "get_attr",
                "value": "boot_disk"
              },
              {
                "type": "index",
                "value": {
                  "value": 0,
                  "type": "number"
                }
              },
              {
                "type": "get_attr",
                "value": "disk_encryption_key_raw"
              }
            ]
          ],
          "private": "eyJlMmJmYjczMC1lY2FhLTExZTYtOGY4OC0zNDM2M2JjN2M0YzAiOnsiY3JlYXRlIjoxMjAwMDAwMDAwMDAwLCJkZWxldGUiOjEyMDAwMDAwMDAwMDAsInVwZGF0ZSI6MTIwMDAwMDAwMDAwMH0sInNjaGVtYV92ZXJzaW9uIjoiNiJ9",
          "dependencies": [
            "module.compute_engine.google_compute_address.ip-address"
          ]
        }
      ]
    },
    {
      "module": "module.network",
      "mode": "managed",
      "type": "google_compute_firewall",
      "name": "default-allow-http",
      "provider": "provider[\"registry.terraform.io/hashicorp/google\"]",
      "instances": [
        {
          "schema_version": 1,
          "attributes": {
            "allow": [
              {
                "ports": [
                  "80"
                ],
                "protocol": "tcp"
              }
            ],
            "creation_timestamp": "2025-03-20T12:28:26.751-07:00",
            "deny": [],
            "description": "",
            "destination_ranges": [],
            "direction": "INGRESS",
            "disabled": false,
            "enable_logging": null,
            "id": "projects/hale-mercury-454219-r1/global/firewalls/default-allow-http",
            "log_config": [],
            "name": "default-allow-http",
            "network": "https://www.googleapis.com/compute/v1/projects/hale-mercury-454219-r1/global/networks/custom-vpc",
            "priority": 1000,
            "project": "hale-mercury-454219-r1",
            "self_link": "https://www.googleapis.com/compute/v1/projects/hale-mercury-454219-r1/global/firewalls/default-allow-http",
            "source_ranges": [
              "0.0.0.0/0"
            ],
            "source_service_accounts": [],
            "source_tags": [],
            "target_service_accounts": [],
            "target_tags": [
              "https-server"
            ],
            "timeouts": null
          },
          "sensitive_attributes": [],
          "private": "eyJlMmJmYjczMC1lY2FhLTExZTYtOGY4OC0zNDM2M2JjN2M0YzAiOnsiY3JlYXRlIjoxMjAwMDAwMDAwMDAwLCJkZWxldGUiOjEyMDAwMDAwMDAwMDAsInVwZGF0ZSI6MTIwMDAwMDAwMDAwMH0sInNjaGVtYV92ZXJzaW9uIjoiMSJ9",
          "dependencies": [
            "module.network.google_compute_network.this"
          ]
        }
      ]
    },
    {
      "module": "module.network",
      "mode": "managed",
      "type": "google_compute_firewall",
      "name": "default-allow-internal",
      "provider": "provider[\"registry.terraform.io/hashicorp/google\"]",
      "instances": [
        {
          "schema_version": 1,
          "attributes": {
            "allow": [
              {
                "ports": [
                  "0-65535"
                ],
                "protocol": "tcp"
              },
              {
                "ports": [
                  "0-65535"
                ],
                "protocol": "udp"
              },
              {
                "ports": [],
                "protocol": "icmp"
              }
            ],
            "creation_timestamp": "2025-03-20T12:28:26.756-07:00",
            "deny": [],
            "description": "",
            "destination_ranges": [],
            "direction": "INGRESS",
            "disabled": false,
            "enable_logging": null,
            "id": "projects/hale-mercury-454219-r1/global/firewalls/default-allow-internal",
            "log_config": [],
            "name": "default-allow-internal",
            "network": "https://www.googleapis.com/compute/v1/projects/hale-mercury-454219-r1/global/networks/custom-vpc",
            "priority": 1000,
            "project": "hale-mercury-454219-r1",
            "self_link": "https://www.googleapis.com/compute/v1/projects/hale-mercury-454219-r1/global/firewalls/default-allow-internal",
            "source_ranges": [
              "10.0.1.0/24"
            ],
            "source_service_accounts": [],
            "source_tags": [],
            "target_service_accounts": [],
            "target_tags": [],
            "timeouts": null
          },
          "sensitive_attributes": [],
          "private": "eyJlMmJmYjczMC1lY2FhLTExZTYtOGY4OC0zNDM2M2JjN2M0YzAiOnsiY3JlYXRlIjoxMjAwMDAwMDAwMDAwLCJkZWxldGUiOjEyMDAwMDAwMDAwMDAsInVwZGF0ZSI6MTIwMDAwMDAwMDAwMH0sInNjaGVtYV92ZXJzaW9uIjoiMSJ9",
          "dependencies": [
            "module.network.google_compute_network.this"
          ]
        }
      ]
    },
    {
      "module": "module.network",
      "mode": "managed",
      "type": "google_compute_firewall",
      "name": "default-allow-ssh",
      "provider": "provider[\"registry.terraform.io/hashicorp/google\"]",
      "instances": [
        {
          "schema_version": 1,
          "attributes": {
            "allow": [
              {
                "ports": [
                  "22"
                ],
                "protocol": "tcp"
              }
            ],
            "creation_timestamp": "2025-03-20T12:28:26.755-07:00",
            "deny": [],
            "description": "",
            "destination_ranges": [],
            "direction": "INGRESS",
            "disabled": false,
            "enable_logging": null,
            "id": "projects/hale-mercury-454219-r1/global/firewalls/default-allow-ssh",
            "log_config": [],
            "name": "default-allow-ssh",
            "network": "https://www.googleapis.com/compute/v1/projects/hale-mercury-454219-r1/global/networks/custom-vpc",
            "priority": 2000,
            "project": "hale-mercury-454219-r1",
            "self_link": "https://www.googleapis.com/compute/v1/projects/hale-mercury-454219-r1/global/firewalls/default-allow-ssh",
            "source_ranges": [
              "0.0.0.0/0"
            ],
            "source_service_accounts": [],
            "source_tags": [],
            "target_service_accounts": [],
            "target_tags": [],
            "timeouts": null
          },
          "sensitive_attributes": [],
          "private": "eyJlMmJmYjczMC1lY2FhLTExZTYtOGY4OC0zNDM2M2JjN2M0YzAiOnsiY3JlYXRlIjoxMjAwMDAwMDAwMDAwLCJkZWxldGUiOjEyMDAwMDAwMDAwMDAsInVwZGF0ZSI6MTIwMDAwMDAwMDAwMH0sInNjaGVtYV92ZXJzaW9uIjoiMSJ9",
          "dependencies": [
            "module.network.google_compute_network.this"
          ]
        }
      ]
    },
    {
      "module": "module.network",
      "mode": "managed",
      "type": "google_compute_firewall",
      "name": "deny-all",
      "provider": "provider[\"registry.terraform.io/hashicorp/google\"]",
      "instances": [
        {
          "schema_version": 1,
          "attributes": {
            "allow": [],
            "creation_timestamp": "2025-03-20T12:28:26.744-07:00",
            "deny": [
              {
                "ports": [],
                "protocol": "all"
              }
            ],
            "description": "",
            "destination_ranges": [],
            "direction": "INGRESS",
            "disabled": false,
            "enable_logging": null,
            "id": "projects/hale-mercury-454219-r1/global/firewalls/deny-all",
            "log_config": [],
            "name": "deny-all",
            "network": "https://www.googleapis.com/compute/v1/projects/hale-mercury-454219-r1/global/networks/custom-vpc",
            "priority": 65534,
            "project": "hale-mercury-454219-r1",
            "self_link": "https://www.googleapis.com/compute/v1/projects/hale-mercury-454219-r1/global/firewalls/deny-all",
            "source_ranges": [
              "0.0.0.0/0"
            ],
            "source_service_accounts": [],
            "source_tags": [],
            "target_service_accounts": [],
            "target_tags": [],
            "timeouts": null
          },
          "sensitive_attributes": [],
          "private": "eyJlMmJmYjczMC1lY2FhLTExZTYtOGY4OC0zNDM2M2JjN2M0YzAiOnsiY3JlYXRlIjoxMjAwMDAwMDAwMDAwLCJkZWxldGUiOjEyMDAwMDAwMDAwMDAsInVwZGF0ZSI6MTIwMDAwMDAwMDAwMH0sInNjaGVtYV92ZXJzaW9uIjoiMSJ9",
          "dependencies": [
            "module.network.google_compute_network.this"
          ]
        }
      ]
    },
    {
      "module": "module.network",
      "mode": "managed",
      "type": "google_compute_network",
      "name": "this",
      "provider": "provider[\"registry.terraform.io/hashicorp/google\"]",
      "instances": [
        {
          "schema_version": 0,
          "attributes": {
            "auto_create_subnetworks": false,
            "delete_default_routes_on_create": false,
            "description": "",
            "enable_ula_internal_ipv6": false,
            "gateway_ipv4": "",
            "id": "projects/hale-mercury-454219-r1/global/networks/custom-vpc",
            "internal_ipv6_range": "",
            "mtu": 0,
            "name": "custom-vpc",
            "network_firewall_policy_enforcement_order": "AFTER_CLASSIC_FIREWALL",
            "numeric_id": "440066801845523114",
            "project": "hale-mercury-454219-r1",
            "routing_mode": "REGIONAL",
            "self_link": "https://www.googleapis.com/compute/v1/projects/hale-mercury-454219-r1/global/networks/custom-vpc",
            "timeouts": null
          },
          "sensitive_attributes": [],
          "private": "eyJlMmJmYjczMC1lY2FhLTExZTYtOGY4OC0zNDM2M2JjN2M0YzAiOnsiY3JlYXRlIjoxMjAwMDAwMDAwMDAwLCJkZWxldGUiOjEyMDAwMDAwMDAwMDAsInVwZGF0ZSI6MTIwMDAwMDAwMDAwMH19"
        }
      ]
    },
    {
      "module": "module.network",
      "mode": "managed",
      "type": "google_compute_subnetwork",
      "name": "this",
      "provider": "provider[\"registry.terraform.io/hashicorp/google\"]",
      "instances": [
        {
          "schema_version": 0,
          "attributes": {
            "creation_timestamp": "2025-03-20T12:28:27.054-07:00",
            "description": "",
            "external_ipv6_prefix": "",
            "fingerprint": null,
            "gateway_address": "10.0.1.1",
            "id": "projects/hale-mercury-454219-r1/regions/europe-west1/subnetworks/subnetwork",
            "internal_ipv6_prefix": "",
            "ip_cidr_range": "10.0.1.0/24",
            "ipv6_access_type": "",
            "ipv6_cidr_range": "",
            "log_config": [],
            "name": "subnetwork",
            "network": "https://www.googleapis.com/compute/v1/projects/hale-mercury-454219-r1/global/networks/custom-vpc",
            "private_ip_google_access": false,
            "private_ipv6_google_access": "DISABLE_GOOGLE_ACCESS",
            "project": "hale-mercury-454219-r1",
            "purpose": "PRIVATE",
            "region": "europe-west1",
            "role": "",
            "secondary_ip_range": [],
            "self_link": "https://www.googleapis.com/compute/v1/projects/hale-mercury-454219-r1/regions/europe-west1/subnetworks/subnetwork",
            "stack_type": "IPV4_ONLY",
            "timeouts": null
          },
          "sensitive_attributes": [],
          "private": "eyJlMmJmYjczMC1lY2FhLTExZTYtOGY4OC0zNDM2M2JjN2M0YzAiOnsiY3JlYXRlIjoxMjAwMDAwMDAwMDAwLCJkZWxldGUiOjEyMDAwMDAwMDAwMDAsInVwZGF0ZSI6MTIwMDAwMDAwMDAwMH19",
          "dependencies": [
            "module.network.google_compute_network.this"
          ]
        }
      ]
    }
  ],
  "check_results": null
}
